# THIS IS AN AUTOGENERATED FILE. DO NOT EDIT THIS FILE DIRECTLY.
# yarn lockfile v1


"@nrg/core@^1.0.0-beta.0":
  version "1.0.0-beta.0"
  resolved "https://registry.yarnpkg.com/@nrg/core/-/core-1.0.0-beta.0.tgz#266eb8148d9ba6fc8ddc279825dafbd80cf6b06a"
  integrity sha512-Mq0aXaW/VYSvVpumrsUwf6HYNVXNd1H09lZE+MeTnqjDafdS2yEZJcbmxovLsFuMsvEH9aRydHCDD71yNuaoMQ==

he@1.1.1:
  version "1.1.1"
  resolved "https://registry.yarnpkg.com/he/-/he-1.1.1.tgz#93410fd21b009735151f8868c2f271f3427e23fd"
  integrity sha1-k0EP0hsAlzUVH4howvJx80J+I/0=

node-html-parser@^1.1.12:
  version "1.1.12"
  resolved "https://registry.yarnpkg.com/node-html-parser/-/node-html-parser-1.1.12.tgz#dc345411496a7bb4313ad41ae044df5d4cd7220b"
  integrity sha512-tS8QkN91I4LXPnCOXsMuD+q9/3k5K3ltzASKzrj1g6fkNeE0bHE3DYCtt/F9oC+z1Rrl16N9AHleMEY8R0v8jw==
  dependencies:
    he "1.1.1"
